Microsoft Visual Studio Solution File, Format Version 12.00
# Visual Studio Version 17
VisualStudioVersion = 17.5.2.0
MinimumVisualStudioVersion = 10.0.40219.1
Project("{FAE04EC0-301F-11D3-BF4B-00C04F79EFBC}") = "backendServices", "backendServices\backendServices.csproj", "{9F30FF69-A3E9-C367-CEF0-54BC55A47AAD}"
EndProject
Global
	GlobalSection(SolutionConfigurationPlatforms) = preSolution
		Debug|Any CPU = Debug|Any CPU
		Release|Any CPU = Release|Any CPU
	EndGlobalSection
	GlobalSection(ProjectConfigurationPlatforms) = postSolution
		{9F30FF69-A3E9-C367-CEF0-54BC55A47AAD}.Debug|Any CPU.ActiveCfg = Debug|Any CPU
		{9F30FF69-A3E9-C367-CEF0-54BC55A47AAD}.Debug|Any CPU.Build.0 = Debug|Any CPU
		{9F30FF69-A3E9-C367-CEF0-54BC55A47AAD}.Release|Any CPU.ActiveCfg = Release|Any CPU
		{9F30FF69-A3E9-C367-CEF0-54BC55A47AAD}.Release|Any CPU.Build.0 = Release|Any CPU
	EndGlobalSection
	GlobalSection(SolutionProperties) = preSolution
		HideSolutionNode = FALSE
	EndGlobalSection
	GlobalSection(ExtensibilityGlobals) = postSolution
		SolutionGuid = {61F42541-5C4A-4846-BEE5-EE5544A48997}
	EndGlobalSection
EndGlobal
